
Microsoft Visual Studio Solution File, Format Version 12.00
# Visual Studio Version 17
VisualStudioVersion = 17.3.32922.545
MinimumVisualStudioVersion = 10.0.40219.1
Project("{FAE04EC0-301F-11D3-BF4B-00C04F79EFBC}") = "3.haftaodev", "3.haftaodev\3.haftaodev.csproj", "{BA0A63EE-7511-4678-8847-F67421D9E8C6}"
EndProject
Global
	GlobalSection(SolutionConfigurationPlatforms) = preSolution
		Debug|Any CPU = Debug|Any CPU
		Release|Any CPU = Release|Any CPU
	EndGlobalSection
	GlobalSection(ProjectConfigurationPlatforms) = postSolution
		{BA0A63EE-7511-4678-8847-F67421D9E8C6}.Debug|Any CPU.ActiveCfg = Debug|Any CPU
		{BA0A63EE-7511-4678-8847-F67421D9E8C6}.Debug|Any CPU.Build.0 = Debug|Any CPU
		{BA0A63EE-7511-4678-8847-F67421D9E8C6}.Release|Any CPU.ActiveCfg = Release|Any CPU
		{BA0A63EE-7511-4678-8847-F67421D9E8C6}.Release|Any CPU.Build.0 = Release|Any CPU
	EndGlobalSection
	GlobalSection(SolutionProperties) = preSolution
		HideSolutionNode = FALSE
	EndGlobalSection
	GlobalSection(ExtensibilityGlobals) = postSolution
		SolutionGuid = {6B73737B-9CF9-4EE7-AE30-7D40660FAED7}
	EndGlobalSection
EndGlobal
